{
  "pins" : [
    {
      "identity" : "asset",
      "kind" : "remoteSourceControl",
      "location" : "https://github.com/nicolas-miari/Asset.git",
      "state" : {
        "revision" : "d64a66fa0caab0e26b66cb24e10f88e2fd89daa8",
        "version" : "1.0.0"
      }
    },
    {
      "identity" : "assetlibrary",
      "kind" : "remoteSourceControl",
      "location" : "https://github.com/nicolas-miari/AssetLibrary.git",
      "state" : {
        "revision" : "10622c31a35e7a5921eb5176419e62b4b35c42ce",
        "version" : "1.0.0"
      }
    },
    {
      "identity" : "binaryresourceprovider",
      "kind" : "remoteSourceControl",
      "location" : "https://github.com/nicolas-miari/BinaryResourceProvider.git",
      "state" : {
        "revision" : "9ad4ca2ee4beb90c9e644308a2a33bb214adf1fa",
        "version" : "0.0.0"
      }
    },
    {
      "identity" : "codabletree",
      "kind" : "remoteSourceControl",
      "location" : "https://github.com/nicolas-miari/CodableTree.git",
      "state" : {
        "revision" : "92cd98dc675bd3e9ca1ba0f4055f09b6014c990e",
        "version" : "1.0.0"
      }
    },
    {
      "identity" : "component",
      "kind" : "remoteSourceControl",
      "location" : "https://github.com/nicolas-miari/Component.git",
      "state" : {
        "revision" : "0d9817c438eb1b12720ac6376d24bc028bcfc2fd",
        "version" : "1.0.0"
      }
    },
    {
      "identity" : "dynamics",
      "kind" : "remoteSourceControl",
      "location" : "https://github.com/nicolas-miari/Dynamics.git",
      "state" : {
        "revision" : "f8fa07a70d4ee4d70f7d0f4d32ac2e97fab4fbe6",
        "version" : "1.0.0"
      }
    },
    {
      "identity" : "entity",
      "kind" : "remoteSourceControl",
      "location" : "https://github.com/nicolas-miari/Entity.git",
      "state" : {
        "revision" : "8179833d52589c75d8a9a443f47655d35d01484a",
        "version" : "1.0.0"
      }
    },
    {
      "identity" : "identifier",
      "kind" : "remoteSourceControl",
      "location" : "https://github.com/nicolas-miari/Identifier.git",
      "state" : {
        "revision" : "c942cc5dd28c5f3b03602c5fd78d2995047e5907",
        "version" : "0.0.1"
      }
    },
    {
      "identity" : "imageasset",
      "kind" : "remoteSourceControl",
      "location" : "https://github.com/nicolas-miari/ImageAsset.git",
      "state" : {
        "revision" : "8ab585634c29527281431fbb0ffacc189a96f9b2",
        "version" : "1.0.2"
      }
    },
    {
      "identity" : "matrixutils",
      "kind" : "remoteSourceControl",
      "location" : "https://github.com/nicolas-miari/MatrixUtils.git",
      "state" : {
        "revision" : "8f2363edca6bd853f5d38034a3314fe5584a6163",
        "version" : "0.0.0"
      }
    },
    {
      "identity" : "rigidbody",
      "kind" : "remoteSourceControl",
      "location" : "https://github.com/nicolas-miari/RigidBody.git",
      "state" : {
        "revision" : "44217cc927c8ee26f5a7d68facec3321fe482339",
        "version" : "1.0.0"
      }
    },
    {
      "identity" : "scene",
      "kind" : "remoteSourceControl",
      "location" : "https://github.com/nicolas-miari/Scene",
      "state" : {
        "revision" : "1a377b0b483f28a6e3cde9ba255165935f99eda4",
        "version" : "1.0.0"
      }
    },
    {
      "identity" : "system",
      "kind" : "remoteSourceControl",
      "location" : "https://github.com/nicolas-miari/System.git",
      "state" : {
        "revision" : "7d5527790f01520a63ad5dd8ba993a605c1120e8",
        "version" : "1.0.0"
      }
    },
    {
      "identity" : "transform",
      "kind" : "remoteSourceControl",
      "location" : "https://github.com/nicolas-miari/Transform.git",
      "state" : {
        "revision" : "14417494fd290fc7179e628bb7b135b1e8fe0de4",
        "version" : "1.0.0"
      }
    },
    {
      "identity" : "uniqueidentifierprovider",
      "kind" : "remoteSourceControl",
      "location" : "https://github.com/nicolas-miari/UniqueIdentifierProvider.git",
      "state" : {
        "revision" : "e4fe581975a6a9d538c2ea665195061ea9a7653c",
        "version" : "0.0.1"
      }
    }
  ],
  "version" : 2
}
