// !$*UTF8*$!
{
	archiveVersion = 1;
	classes = {
	};
	objectVersion = 56;
	objects = {

/* Begin PBXBuildFile section */
		1F16BA2B28A3B080006D7620 /* Equatable+Utils.swift in Sources */ = {isa = PBXBuildFile; fileRef = 1F16BA2A28A3B080006D7620 /* Equatable+Utils.swift */; };
		1F23E07A28A0C5FE00C9C411 /* Sequence+Utils.swift in Sources */ = {isa = PBXBuildFile; fileRef = 1F23E07928A0C5FE00C9C411 /* Sequence+Utils.swift */; };
		1F30941F28A7BBD3007F8B50 /* Node+Utils.swift in Sources */ = {isa = PBXBuildFile; fileRef = 1F30941E28A7BBD3007F8B50 /* Node+Utils.swift */; };
		1F30942528A8A4A7007F8B50 /* ProjectDocument in Frameworks */ = {isa = PBXBuildFile; productRef = 1F30942428A8A4A7007F8B50 /* ProjectDocument */; };
		1F8E065F28A8C566009FDBE0 /* Scene in Frameworks */ = {isa = PBXBuildFile; productRef = 1F8E065E28A8C566009FDBE0 /* Scene */; };
		1F8E066228A90E46009FDBE0 /* EditorScene in Frameworks */ = {isa = PBXBuildFile; productRef = 1F8E066128A90E46009FDBE0 /* EditorScene */; };
		1F98097B289F5B70003845DB /* CodableTree in Frameworks */ = {isa = PBXBuildFile; productRef = 1F98097A289F5B70003845DB /* CodableTree */; };
		1F98097E289F5C30003845DB /* AssetLibrary in Frameworks */ = {isa = PBXBuildFile; productRef = 1F98097D289F5C30003845DB /* AssetLibrary */; };
		1F980981289F5C57003845DB /* BinaryResourceProvider in Frameworks */ = {isa = PBXBuildFile; productRef = 1F980980289F5C57003845DB /* BinaryResourceProvider */; };
		1F980986289F61F5003845DB /* SampleSceneData.json in Resources */ = {isa = PBXBuildFile; fileRef = 1F980985289F61F5003845DB /* SampleSceneData.json */; };
		1F98098B289FA0C1003845DB /* Component in Frameworks */ = {isa = PBXBuildFile; productRef = 1F98098A289FA0C1003845DB /* Component */; };
		1FB0882E289F59C2008DDB3B /* AppDelegate.swift in Sources */ = {isa = PBXBuildFile; fileRef = 1FB0882D289F59C2008DDB3B /* AppDelegate.swift */; };
		1FB08830289F59C2008DDB3B /* ViewController.swift in Sources */ = {isa = PBXBuildFile; fileRef = 1FB0882F289F59C2008DDB3B /* ViewController.swift */; };
		1FB08834289F59C3008DDB3B /* Assets.xcassets in Resources */ = {isa = PBXBuildFile; fileRef = 1FB08833289F59C3008DDB3B /* Assets.xcassets */; };
		1FB08837289F59C3008DDB3B /* Main.storyboard in Resources */ = {isa = PBXBuildFile; fileRef = 1FB08835289F59C3008DDB3B /* Main.storyboard */; };
		1FB08840289F59E9008DDB3B /* ProjectNavigator.storyboard in Resources */ = {isa = PBXBuildFile; fileRef = 1FB0883F289F59E9008DDB3B /* ProjectNavigator.storyboard */; };
		1FB08842289F5A59008DDB3B /* ProjectNavigatorViewController.swift in Sources */ = {isa = PBXBuildFile; fileRef = 1FB08841289F5A59008DDB3B /* ProjectNavigatorViewController.swift */; };
		1FD8996C289FBDF700947E2F /* DocumentViewController.swift in Sources */ = {isa = PBXBuildFile; fileRef = 1FD8996B289FBDF700947E2F /* DocumentViewController.swift */; };
/* End PBXBuildFile section */

/* Begin PBXFileReference section */
		1F16BA2A28A3B080006D7620 /* Equatable+Utils.swift */ = {isa = PBXFileReference; lastKnownFileType = sourcecode.swift; path = "Equatable+Utils.swift"; sourceTree = "<group>"; };
		1F23E07928A0C5FE00C9C411 /* Sequence+Utils.swift */ = {isa = PBXFileReference; lastKnownFileType = sourcecode.swift; path = "Sequence+Utils.swift"; sourceTree = "<group>"; };
		1F30941E28A7BBD3007F8B50 /* Node+Utils.swift */ = {isa = PBXFileReference; lastKnownFileType = sourcecode.swift; path = "Node+Utils.swift"; sourceTree = "<group>"; };
		1F30942228A8A3EA007F8B50 /* ProjectDocument */ = {isa = PBXFileReference; lastKnownFileType = wrapper; path = ProjectDocument; sourceTree = "<group>"; };
		1F8E066028A90E08009FDBE0 /* EditorScene */ = {isa = PBXFileReference; lastKnownFileType = wrapper; path = EditorScene; sourceTree = "<group>"; };
		1F96FD2128AD0539008E7C71 /* ImageAssetImporter */ = {isa = PBXFileReference; lastKnownFileType = wrapper; path = ImageAssetImporter; sourceTree = "<group>"; };
		1F980985289F61F5003845DB /* SampleSceneData.json */ = {isa = PBXFileReference; lastKnownFileType = text.json; path = SampleSceneData.json; sourceTree = "<group>"; };
		1F9EB39E28D80FF300D1147C /* AppKitUtils */ = {isa = PBXFileReference; lastKnownFileType = wrapper; path = AppKitUtils; sourceTree = "<group>"; };
		1FB0882A289F59C2008DDB3B /* GameEditor.app */ = {isa = PBXFileReference; explicitFileType = wrapper.application; includeInIndex = 0; path = GameEditor.app; sourceTree = BUILT_PRODUCTS_DIR; };
		1FB0882D289F59C2008DDB3B /* AppDelegate.swift */ = {isa = PBXFileReference; lastKnownFileType = sourcecode.swift; path = AppDelegate.swift; sourceTree = "<group>"; };
		1FB0882F289F59C2008DDB3B /* ViewController.swift */ = {isa = PBXFileReference; lastKnownFileType = sourcecode.swift; path = ViewController.swift; sourceTree = "<group>"; };
		1FB08833289F59C3008DDB3B /* Assets.xcassets */ = {isa = PBXFileReference; lastKnownFileType = folder.assetcatalog; path = Assets.xcassets; sourceTree = "<group>"; };
		1FB08836289F59C3008DDB3B /* Base */ = {isa = PBXFileReference; lastKnownFileType = file.storyboard; name = Base; path = Base.lproj/Main.storyboard; sourceTree = "<group>"; };
		1FB08838289F59C3008DDB3B /* Info.plist */ = {isa = PBXFileReference; lastKnownFileType = text.plist.xml; path = Info.plist; sourceTree = "<group>"; };
		1FB08839289F59C3008DDB3B /* GameEditor.entitlements */ = {isa = PBXFileReference; lastKnownFileType = text.plist.entitlements; path = GameEditor.entitlements; sourceTree = "<group>"; };
		1FB0883F289F59E9008DDB3B /* ProjectNavigator.storyboard */ = {isa = PBXFileReference; lastKnownFileType = file.storyboard; path = ProjectNavigator.storyboard; sourceTree = "<group>"; };
		1FB08841289F5A59008DDB3B /* ProjectNavigatorViewController.swift */ = {isa = PBXFileReference; lastKnownFileType = sourcecode.swift; path = ProjectNavigatorViewController.swift; sourceTree = "<group>"; };
		1FD8996B289FBDF700947E2F /* DocumentViewController.swift */ = {isa = PBXFileReference; lastKnownFileType = sourcecode.swift; path = DocumentViewController.swift; sourceTree = "<group>"; };
/* End PBXFileReference section */

/* Begin PBXFrameworksBuildPhase section */
		1FB08827289F59C2008DDB3B /* Frameworks */ = {
			isa = PBXFrameworksBuildPhase;
			buildActionMask = 2147483647;
			files = (
				1F98098B289FA0C1003845DB /* Component in Frameworks */,
				1F980981289F5C57003845DB /* BinaryResourceProvider in Frameworks */,
				1F98097B289F5B70003845DB /* CodableTree in Frameworks */,
				1F8E065F28A8C566009FDBE0 /* Scene in Frameworks */,
				1F30942528A8A4A7007F8B50 /* ProjectDocument in Frameworks */,
				1F98097E289F5C30003845DB /* AssetLibrary in Frameworks */,
				1F8E066228A90E46009FDBE0 /* EditorScene in Frameworks */,
			);
			runOnlyForDeploymentPostprocessing = 0;
		};
/* End PBXFrameworksBuildPhase section */

/* Begin PBXGroup section */
		1F23E07728A0C5DD00C9C411 /* Extensions */ = {
			isa = PBXGroup;
			children = (
				1F30941E28A7BBD3007F8B50 /* Node+Utils.swift */,
				1F23E07828A0C5EC00C9C411 /* Foundation */,
			);
			path = Extensions;
			sourceTree = "<group>";
		};
		1F23E07828A0C5EC00C9C411 /* Foundation */ = {
			isa = PBXGroup;
			children = (
				1F23E07928A0C5FE00C9C411 /* Sequence+Utils.swift */,
				1F16BA2A28A3B080006D7620 /* Equatable+Utils.swift */,
			);
			path = Foundation;
			sourceTree = "<group>";
		};
		1F30942328A8A4A7007F8B50 /* Frameworks */ = {
			isa = PBXGroup;
			children = (
			);
			name = Frameworks;
			sourceTree = "<group>";
		};
		1F980982289F6032003845DB /* GameEditorCore */ = {
			isa = PBXGroup;
			children = (
				1F980985289F61F5003845DB /* SampleSceneData.json */,
			);
			path = GameEditorCore;
			sourceTree = "<group>";
		};
		1FB08821289F59C2008DDB3B = {
			isa = PBXGroup;
			children = (
				1F9EB39E28D80FF300D1147C /* AppKitUtils */,
				1F96FD2128AD0539008E7C71 /* ImageAssetImporter */,
				1F8E066028A90E08009FDBE0 /* EditorScene */,
				1F30942228A8A3EA007F8B50 /* ProjectDocument */,
				1FB0882C289F59C2008DDB3B /* GameEditor */,
				1FB0882B289F59C2008DDB3B /* Products */,
				1F30942328A8A4A7007F8B50 /* Frameworks */,
			);
			sourceTree = "<group>";
		};
		1FB0882B289F59C2008DDB3B /* Products */ = {
			isa = PBXGroup;
			children = (
				1FB0882A289F59C2008DDB3B /* GameEditor.app */,
			);
			name = Products;
			sourceTree = "<group>";
		};
		1FB0882C289F59C2008DDB3B /* GameEditor */ = {
			isa = PBXGroup;
			children = (
				1FB0882D289F59C2008DDB3B /* AppDelegate.swift */,
				1FB0882F289F59C2008DDB3B /* ViewController.swift */,
				1FD8996B289FBDF700947E2F /* DocumentViewController.swift */,
				1F23E07728A0C5DD00C9C411 /* Extensions */,
				1F980982289F6032003845DB /* GameEditorCore */,
				1FB08833289F59C3008DDB3B /* Assets.xcassets */,
				1FB08835289F59C3008DDB3B /* Main.storyboard */,
				1FB08843289F5A6D008DDB3B /* ProjectNavigator */,
				1FB08838289F59C3008DDB3B /* Info.plist */,
				1FB08839289F59C3008DDB3B /* GameEditor.entitlements */,
			);
			path = GameEditor;
			sourceTree = "<group>";
		};
		1FB08843289F5A6D008DDB3B /* ProjectNavigator */ = {
			isa = PBXGroup;
			children = (
				1FB0883F289F59E9008DDB3B /* ProjectNavigator.storyboard */,
				1FB08841289F5A59008DDB3B /* ProjectNavigatorViewController.swift */,
			);
			path = ProjectNavigator;
			sourceTree = "<group>";
		};
/* End PBXGroup section */

/* Begin PBXNativeTarget section */
		1FB08829289F59C2008DDB3B /* GameEditor */ = {
			isa = PBXNativeTarget;
			buildConfigurationList = 1FB0883C289F59C3008DDB3B /* Build configuration list for PBXNativeTarget "GameEditor" */;
			buildPhases = (
				1FB08826289F59C2008DDB3B /* Sources */,
				1FB08827289F59C2008DDB3B /* Frameworks */,
				1FB08828289F59C2008DDB3B /* Resources */,
			);
			buildRules = (
			);
			dependencies = (
			);
			name = GameEditor;
			packageProductDependencies = (
				1F98097A289F5B70003845DB /* CodableTree */,
				1F98097D289F5C30003845DB /* AssetLibrary */,
				1F980980289F5C57003845DB /* BinaryResourceProvider */,
				1F98098A289FA0C1003845DB /* Component */,
				1F30942428A8A4A7007F8B50 /* ProjectDocument */,
				1F8E065E28A8C566009FDBE0 /* Scene */,
				1F8E066128A90E46009FDBE0 /* EditorScene */,
			);
			productName = GameEditor;
			productReference = 1FB0882A289F59C2008DDB3B /* GameEditor.app */;
			productType = "com.apple.product-type.application";
		};
/* End PBXNativeTarget section */

/* Begin PBXProject section */
		1FB08822289F59C2008DDB3B /* Project object */ = {
			isa = PBXProject;
			attributes = {
				BuildIndependentTargetsInParallel = 1;
				LastSwiftUpdateCheck = 1400;
				LastUpgradeCheck = 1400;
				TargetAttributes = {
					1FB08829289F59C2008DDB3B = {
						CreatedOnToolsVersion = 14.0;
					};
				};
			};
			buildConfigurationList = 1FB08825289F59C2008DDB3B /* Build configuration list for PBXProject "GameEditor" */;
			compatibilityVersion = "Xcode 14.0";
			developmentRegion = en;
			hasScannedForEncodings = 0;
			knownRegions = (
				en,
				Base,
			);
			mainGroup = 1FB08821289F59C2008DDB3B;
			packageReferences = (
				1F980979289F5B70003845DB /* XCRemoteSwiftPackageReference "CodableTree" */,
				1F98097C289F5C30003845DB /* XCRemoteSwiftPackageReference "AssetLibrary" */,
				1F98097F289F5C57003845DB /* XCRemoteSwiftPackageReference "BinaryResourceProvider" */,
				1F980989289FA0C1003845DB /* XCRemoteSwiftPackageReference "Component" */,
				1F8E065D28A8C566009FDBE0 /* XCRemoteSwiftPackageReference "Scene" */,
			);
			productRefGroup = 1FB0882B289F59C2008DDB3B /* Products */;
			projectDirPath = "";
			projectRoot = "";
			targets = (
				1FB08829289F59C2008DDB3B /* GameEditor */,
			);
		};
/* End PBXProject section */

/* Begin PBXResourcesBuildPhase section */
		1FB08828289F59C2008DDB3B /* Resources */ = {
			isa = PBXResourcesBuildPhase;
			buildActionMask = 2147483647;
			files = (
				1FB08834289F59C3008DDB3B /* Assets.xcassets in Resources */,
				1FB08837289F59C3008DDB3B /* Main.storyboard in Resources */,
				1F980986289F61F5003845DB /* SampleSceneData.json in Resources */,
				1FB08840289F59E9008DDB3B /* ProjectNavigator.storyboard in Resources */,
			);
			runOnlyForDeploymentPostprocessing = 0;
		};
/* End PBXResourcesBuildPhase section */

/* Begin PBXSourcesBuildPhase section */
		1FB08826289F59C2008DDB3B /* Sources */ = {
			isa = PBXSourcesBuildPhase;
			buildActionMask = 2147483647;
			files = (
				1FB08842289F5A59008DDB3B /* ProjectNavigatorViewController.swift in Sources */,
				1FB08830289F59C2008DDB3B /* ViewController.swift in Sources */,
				1FB0882E289F59C2008DDB3B /* AppDelegate.swift in Sources */,
				1FD8996C289FBDF700947E2F /* DocumentViewController.swift in Sources */,
				1F30941F28A7BBD3007F8B50 /* Node+Utils.swift in Sources */,
				1F16BA2B28A3B080006D7620 /* Equatable+Utils.swift in Sources */,
				1F23E07A28A0C5FE00C9C411 /* Sequence+Utils.swift in Sources */,
			);
			runOnlyForDeploymentPostprocessing = 0;
		};
/* End PBXSourcesBuildPhase section */

/* Begin PBXVariantGroup section */
		1FB08835289F59C3008DDB3B /* Main.storyboard */ = {
			isa = PBXVariantGroup;
			children = (
				1FB08836289F59C3008DDB3B /* Base */,
			);
			name = Main.storyboard;
			sourceTree = "<group>";
		};
/* End PBXVariantGroup section */

/* Begin XCBuildConfiguration section */
		1FB0883A289F59C3008DDB3B /* Debug */ = {
			isa = XCBuildConfiguration;
			buildSettings = {
				ALWAYS_SEARCH_USER_PATHS = NO;
				CLANG_ANALYZER_NONNULL = YES;
				CLANG_ANALYZER_NUMBER_OBJECT_CONVERSION = YES_AGGRESSIVE;
				CLANG_CXX_LANGUAGE_STANDARD = "gnu++17";
				CLANG_ENABLE_MODULES = YES;
				CLANG_ENABLE_OBJC_ARC = YES;
				CLANG_ENABLE_OBJC_WEAK = YES;
				CLANG_WARN_BLOCK_CAPTURE_AUTORELEASING = YES;
				CLANG_WARN_BOOL_CONVERSION = YES;
				CLANG_WARN_COMMA = YES;
				CLANG_WARN_CONSTANT_CONVERSION = YES;
				CLANG_WARN_DEPRECATED_OBJC_IMPLEMENTATIONS = YES;
				CLANG_WARN_DIRECT_OBJC_ISA_USAGE = YES_ERROR;
				CLANG_WARN_DOCUMENTATION_COMMENTS = YES;
				CLANG_WARN_EMPTY_BODY = YES;
				CLANG_WARN_ENUM_CONVERSION = YES;
				CLANG_WARN_INFINITE_RECURSION = YES;
				CLANG_WARN_INT_CONVERSION = YES;
				CLANG_WARN_NON_LITERAL_NULL_CONVERSION = YES;
				CLANG_WARN_OBJC_IMPLICIT_RETAIN_SELF = YES;
				CLANG_WARN_OBJC_LITERAL_CONVERSION = YES;
				CLANG_WARN_OBJC_ROOT_CLASS = YES_ERROR;
				CLANG_WARN_QUOTED_INCLUDE_IN_FRAMEWORK_HEADER = YES;
				CLANG_WARN_RANGE_LOOP_ANALYSIS = YES;
				CLANG_WARN_STRICT_PROTOTYPES = YES;
				CLANG_WARN_SUSPICIOUS_MOVE = YES;
				CLANG_WARN_UNGUARDED_AVAILABILITY = YES_AGGRESSIVE;
				CLANG_WARN_UNREACHABLE_CODE = YES;
				CLANG_WARN__DUPLICATE_METHOD_MATCH = YES;
				COPY_PHASE_STRIP = NO;
				DEBUG_INFORMATION_FORMAT = dwarf;
				ENABLE_STRICT_OBJC_MSGSEND = YES;
				ENABLE_TESTABILITY = YES;
				GCC_C_LANGUAGE_STANDARD = gnu11;
				GCC_DYNAMIC_NO_PIC = NO;
				GCC_NO_COMMON_BLOCKS = YES;
				GCC_OPTIMIZATION_LEVEL = 0;
				GCC_PREPROCESSOR_DEFINITIONS = (
					"DEBUG=1",
					"$(inherited)",
				);
				GCC_WARN_64_TO_32_BIT_CONVERSION = YES;
				GCC_WARN_ABOUT_RETURN_TYPE = YES_ERROR;
				GCC_WARN_UNDECLARED_SELECTOR = YES;
				GCC_WARN_UNINITIALIZED_AUTOS = YES_AGGRESSIVE;
				GCC_WARN_UNUSED_FUNCTION = YES;
				GCC_WARN_UNUSED_VARIABLE = YES;
				MACOSX_DEPLOYMENT_TARGET = 12.5;
				MTL_ENABLE_DEBUG_INFO = INCLUDE_SOURCE;
				MTL_FAST_MATH = YES;
				ONLY_ACTIVE_ARCH = YES;
				SDKROOT = macosx;
				SWIFT_ACTIVE_COMPILATION_CONDITIONS = DEBUG;
				SWIFT_OPTIMIZATION_LEVEL = "-Onone";
			};
			name = Debug;
		};
		1FB0883B289F59C3008DDB3B /* Release */ = {
			isa = XCBuildConfiguration;
			buildSettings = {
				ALWAYS_SEARCH_USER_PATHS = NO;
				CLANG_ANALYZER_NONNULL = YES;
				CLANG_ANALYZER_NUMBER_OBJECT_CONVERSION = YES_AGGRESSIVE;
				CLANG_CXX_LANGUAGE_STANDARD = "gnu++17";
				CLANG_ENABLE_MODULES = YES;
				CLANG_ENABLE_OBJC_ARC = YES;
				CLANG_ENABLE_OBJC_WEAK = YES;
				CLANG_WARN_BLOCK_CAPTURE_AUTORELEASING = YES;
				CLANG_WARN_BOOL_CONVERSION = YES;
				CLANG_WARN_COMMA = YES;
				CLANG_WARN_CONSTANT_CONVERSION = YES;
				CLANG_WARN_DEPRECATED_OBJC_IMPLEMENTATIONS = YES;
				CLANG_WARN_DIRECT_OBJC_ISA_USAGE = YES_ERROR;
				CLANG_WARN_DOCUMENTATION_COMMENTS = YES;
				CLANG_WARN_EMPTY_BODY = YES;
				CLANG_WARN_ENUM_CONVERSION = YES;
				CLANG_WARN_INFINITE_RECURSION = YES;
				CLANG_WARN_INT_CONVERSION = YES;
				CLANG_WARN_NON_LITERAL_NULL_CONVERSION = YES;
				CLANG_WARN_OBJC_IMPLICIT_RETAIN_SELF = YES;
				CLANG_WARN_OBJC_LITERAL_CONVERSION = YES;
				CLANG_WARN_OBJC_ROOT_CLASS = YES_ERROR;
				CLANG_WARN_QUOTED_INCLUDE_IN_FRAMEWORK_HEADER = YES;
				CLANG_WARN_RANGE_LOOP_ANALYSIS = YES;
				CLANG_WARN_STRICT_PROTOTYPES = YES;
				CLANG_WARN_SUSPICIOUS_MOVE = YES;
				CLANG_WARN_UNGUARDED_AVAILABILITY = YES_AGGRESSIVE;
				CLANG_WARN_UNREACHABLE_CODE = YES;
				CLANG_WARN__DUPLICATE_METHOD_MATCH = YES;
				COPY_PHASE_STRIP = NO;
				DEBUG_INFORMATION_FORMAT = "dwarf-with-dsym";
				ENABLE_NS_ASSERTIONS = NO;
				ENABLE_STRICT_OBJC_MSGSEND = YES;
				GCC_C_LANGUAGE_STANDARD = gnu11;
				GCC_NO_COMMON_BLOCKS = YES;
				GCC_WARN_64_TO_32_BIT_CONVERSION = YES;
				GCC_WARN_ABOUT_RETURN_TYPE = YES_ERROR;
				GCC_WARN_UNDECLARED_SELECTOR = YES;
				GCC_WARN_UNINITIALIZED_AUTOS = YES_AGGRESSIVE;
				GCC_WARN_UNUSED_FUNCTION = YES;
				GCC_WARN_UNUSED_VARIABLE = YES;
				MACOSX_DEPLOYMENT_TARGET = 12.5;
				MTL_ENABLE_DEBUG_INFO = NO;
				MTL_FAST_MATH = YES;
				SDKROOT = macosx;
				SWIFT_COMPILATION_MODE = wholemodule;
				SWIFT_OPTIMIZATION_LEVEL = "-O";
			};
			name = Release;
		};
		1FB0883D289F59C3008DDB3B /* Debug */ = {
			isa = XCBuildConfiguration;
			buildSettings = {
				ASSETCATALOG_COMPILER_APPICON_NAME = AppIcon;
				ASSETCATALOG_COMPILER_GLOBAL_ACCENT_COLOR_NAME = AccentColor;
				CODE_SIGN_ENTITLEMENTS = GameEditor/GameEditor.entitlements;
				CODE_SIGN_STYLE = Automatic;
				COMBINE_HIDPI_IMAGES = YES;
				CURRENT_PROJECT_VERSION = 1;
				DEVELOPMENT_TEAM = D2D4S4F85R;
				ENABLE_HARDENED_RUNTIME = YES;
				GENERATE_INFOPLIST_FILE = YES;
				INFOPLIST_FILE = GameEditor/Info.plist;
				INFOPLIST_KEY_NSHumanReadableCopyright = "";
				INFOPLIST_KEY_NSMainStoryboardFile = Main;
				INFOPLIST_KEY_NSPrincipalClass = NSApplication;
				LD_RUNPATH_SEARCH_PATHS = (
					"$(inherited)",
					"@executable_path/../Frameworks",
				);
				MACOSX_DEPLOYMENT_TARGET = 12.3;
				MARKETING_VERSION = 1.0;
				PRODUCT_BUNDLE_IDENTIFIER = com.nicolasmiari.GameEditor;
				PRODUCT_NAME = "$(TARGET_NAME)";
				SWIFT_EMIT_LOC_STRINGS = YES;
				SWIFT_VERSION = 5.0;
			};
			name = Debug;
		};
		1FB0883E289F59C3008DDB3B /* Release */ = {
			isa = XCBuildConfiguration;
			buildSettings = {
				ASSETCATALOG_COMPILER_APPICON_NAME = AppIcon;
				ASSETCATALOG_COMPILER_GLOBAL_ACCENT_COLOR_NAME = AccentColor;
				CODE_SIGN_ENTITLEMENTS = GameEditor/GameEditor.entitlements;
				CODE_SIGN_STYLE = Automatic;
				COMBINE_HIDPI_IMAGES = YES;
				CURRENT_PROJECT_VERSION = 1;
				DEVELOPMENT_TEAM = D2D4S4F85R;
				ENABLE_HARDENED_RUNTIME = YES;
				GENERATE_INFOPLIST_FILE = YES;
				INFOPLIST_FILE = GameEditor/Info.plist;
				INFOPLIST_KEY_NSHumanReadableCopyright = "";
				INFOPLIST_KEY_NSMainStoryboardFile = Main;
				INFOPLIST_KEY_NSPrincipalClass = NSApplication;
				LD_RUNPATH_SEARCH_PATHS = (
					"$(inherited)",
					"@executable_path/../Frameworks",
				);
				MACOSX_DEPLOYMENT_TARGET = 12.3;
				MARKETING_VERSION = 1.0;
				PRODUCT_BUNDLE_IDENTIFIER = com.nicolasmiari.GameEditor;
				PRODUCT_NAME = "$(TARGET_NAME)";
				SWIFT_EMIT_LOC_STRINGS = YES;
				SWIFT_VERSION = 5.0;
			};
			name = Release;
		};
/* End XCBuildConfiguration section */

/* Begin XCConfigurationList section */
		1FB08825289F59C2008DDB3B /* Build configuration list for PBXProject "GameEditor" */ = {
			isa = XCConfigurationList;
			buildConfigurations = (
				1FB0883A289F59C3008DDB3B /* Debug */,
				1FB0883B289F59C3008DDB3B /* Release */,
			);
			defaultConfigurationIsVisible = 0;
			defaultConfigurationName = Release;
		};
		1FB0883C289F59C3008DDB3B /* Build configuration list for PBXNativeTarget "GameEditor" */ = {
			isa = XCConfigurationList;
			buildConfigurations = (
				1FB0883D289F59C3008DDB3B /* Debug */,
				1FB0883E289F59C3008DDB3B /* Release */,
			);
			defaultConfigurationIsVisible = 0;
			defaultConfigurationName = Release;
		};
/* End XCConfigurationList section */

/* Begin XCRemoteSwiftPackageReference section */
		1F8E065D28A8C566009FDBE0 /* XCRemoteSwiftPackageReference "Scene" */ = {
			isa = XCRemoteSwiftPackageReference;
			repositoryURL = "https://github.com/nicolas-miari/Scene";
			requirement = {
				kind = upToNextMajorVersion;
				minimumVersion = 1.0.0;
			};
		};
		1F980979289F5B70003845DB /* XCRemoteSwiftPackageReference "CodableTree" */ = {
			isa = XCRemoteSwiftPackageReference;
			repositoryURL = "https://github.com/nicolas-miari/CodableTree.git";
			requirement = {
				kind = upToNextMajorVersion;
				minimumVersion = 1.0.0;
			};
		};
		1F98097C289F5C30003845DB /* XCRemoteSwiftPackageReference "AssetLibrary" */ = {
			isa = XCRemoteSwiftPackageReference;
			repositoryURL = "https://github.com/nicolas-miari/AssetLibrary.git";
			requirement = {
				kind = upToNextMajorVersion;
				minimumVersion = 0.0.2;
			};
		};
		1F98097F289F5C57003845DB /* XCRemoteSwiftPackageReference "BinaryResourceProvider" */ = {
			isa = XCRemoteSwiftPackageReference;
			repositoryURL = "https://github.com/nicolas-miari/BinaryResourceProvider.git";
			requirement = {
				kind = upToNextMajorVersion;
				minimumVersion = 0.0.0;
			};
		};
		1F980989289FA0C1003845DB /* XCRemoteSwiftPackageReference "Component" */ = {
			isa = XCRemoteSwiftPackageReference;
			repositoryURL = "https://github.com/nicolas-miari/Component.git";
			requirement = {
				kind = upToNextMajorVersion;
				minimumVersion = 1.0.0;
			};
		};
/* End XCRemoteSwiftPackageReference section */

/* Begin XCSwiftPackageProductDependency section */
		1F30942428A8A4A7007F8B50 /* ProjectDocument */ = {
			isa = XCSwiftPackageProductDependency;
			productName = ProjectDocument;
		};
		1F8E065E28A8C566009FDBE0 /* Scene */ = {
			isa = XCSwiftPackageProductDependency;
			package = 1F8E065D28A8C566009FDBE0 /* XCRemoteSwiftPackageReference "Scene" */;
			productName = Scene;
		};
		1F8E066128A90E46009FDBE0 /* EditorScene */ = {
			isa = XCSwiftPackageProductDependency;
			productName = EditorScene;
		};
		1F98097A289F5B70003845DB /* CodableTree */ = {
			isa = XCSwiftPackageProductDependency;
			package = 1F980979289F5B70003845DB /* XCRemoteSwiftPackageReference "CodableTree" */;
			productName = CodableTree;
		};
		1F98097D289F5C30003845DB /* AssetLibrary */ = {
			isa = XCSwiftPackageProductDependency;
			package = 1F98097C289F5C30003845DB /* XCRemoteSwiftPackageReference "AssetLibrary" */;
			productName = AssetLibrary;
		};
		1F980980289F5C57003845DB /* BinaryResourceProvider */ = {
			isa = XCSwiftPackageProductDependency;
			package = 1F98097F289F5C57003845DB /* XCRemoteSwiftPackageReference "BinaryResourceProvider" */;
			productName = BinaryResourceProvider;
		};
		1F98098A289FA0C1003845DB /* Component */ = {
			isa = XCSwiftPackageProductDependency;
			package = 1F980989289FA0C1003845DB /* XCRemoteSwiftPackageReference "Component" */;
			productName = Component;
		};
/* End XCSwiftPackageProductDependency section */
	};
	rootObject = 1FB08822289F59C2008DDB3B /* Project object */;
}
